
Microsoft Visual Studio Solution File, Format Version 12.00
# Visual Studio 15
VisualStudioVersion = 15.0.27130.2010
MinimumVisualStudioVersion = 10.0.40219.1
Project("{9A19103F-16F7-4668-BE54-9A1E7A4F7556}") = "CementEntry", "Cement.Net\CementEntry.csproj", "{F2653B6E-F201-497A-88FC-49AFAAF799DC}"
EndProject
Project("{9A19103F-16F7-4668-BE54-9A1E7A4F7556}") = "Commands", "Commands\Commands.csproj", "{5E5EE8F9-9C42-4F44-87AF-63D4F24863EC}"
EndProject
Project("{9A19103F-16F7-4668-BE54-9A1E7A4F7556}") = "Common", "Common\Common.csproj", "{FF01947B-2535-4EC9-B465-B9543E6B18EE}"
EndProject
Project("{FAE04EC0-301F-11D3-BF4B-00C04F79EFBC}") = "Tests", "Tests\Tests.csproj", "{93393620-55B9-48A9-88AB-B730FBAFAADA}"
EndProject
Global
	GlobalSection(SolutionConfigurationPlatforms) = preSolution
		Debug|Any CPU = Debug|Any CPU
		Release|Any CPU = Release|Any CPU
	EndGlobalSection
	GlobalSection(ProjectConfigurationPlatforms) = postSolution
		{F2653B6E-F201-497A-88FC-49AFAAF799DC}.Debug|Any CPU.ActiveCfg = Debug|Any CPU
		{F2653B6E-F201-497A-88FC-49AFAAF799DC}.Debug|Any CPU.Build.0 = Debug|Any CPU
		{F2653B6E-F201-497A-88FC-49AFAAF799DC}.Release|Any CPU.ActiveCfg = Release|Any CPU
		{F2653B6E-F201-497A-88FC-49AFAAF799DC}.Release|Any CPU.Build.0 = Release|Any CPU
		{5E5EE8F9-9C42-4F44-87AF-63D4F24863EC}.Debug|Any CPU.ActiveCfg = Debug|Any CPU
		{5E5EE8F9-9C42-4F44-87AF-63D4F24863EC}.Debug|Any CPU.Build.0 = Debug|Any CPU
		{5E5EE8F9-9C42-4F44-87AF-63D4F24863EC}.Release|Any CPU.ActiveCfg = Release|Any CPU
		{5E5EE8F9-9C42-4F44-87AF-63D4F24863EC}.Release|Any CPU.Build.0 = Release|Any CPU
		{FF01947B-2535-4EC9-B465-B9543E6B18EE}.Debug|Any CPU.ActiveCfg = Debug|Any CPU
		{FF01947B-2535-4EC9-B465-B9543E6B18EE}.Debug|Any CPU.Build.0 = Debug|Any CPU
		{FF01947B-2535-4EC9-B465-B9543E6B18EE}.Release|Any CPU.ActiveCfg = Release|Any CPU
		{FF01947B-2535-4EC9-B465-B9543E6B18EE}.Release|Any CPU.Build.0 = Release|Any CPU
		{93393620-55B9-48A9-88AB-B730FBAFAADA}.Debug|Any CPU.ActiveCfg = Debug|Any CPU
		{93393620-55B9-48A9-88AB-B730FBAFAADA}.Debug|Any CPU.Build.0 = Debug|Any CPU
		{93393620-55B9-48A9-88AB-B730FBAFAADA}.Release|Any CPU.ActiveCfg = Release|Any CPU
		{93393620-55B9-48A9-88AB-B730FBAFAADA}.Release|Any CPU.Build.0 = Release|Any CPU
	EndGlobalSection
	GlobalSection(SolutionProperties) = preSolution
		HideSolutionNode = FALSE
	EndGlobalSection
	GlobalSection(ExtensibilityGlobals) = postSolution
		SolutionGuid = {1F232312-03F1-490D-8046-660BEF41F1E9}
	EndGlobalSection
EndGlobal
